{
    "_meta": {
        "hash": {
            "sha256": "471faf26d6102c167f8ec6caf8d991eec9c5287bf3cc5de46f029c14ce96168c"
        },
        "pipfile-spec": 6,
        "requires": {
            "python_version": "3.11"
        },
        "sources": [
            {
                "name": "pypi",
                "url": "https://pypi.org/simple",
                "verify_ssl": true
            }
        ]
    },
    "default": {
        "grpcio": {
            "hashes": [
                "sha256:0e6f9f6a0f4f4ee3710f589bbc7877de9963ab0c66302b4326a57bf54f3a4a78",
                "sha256:0f36d9b661bc069a4f638dbaddcb29396c19271edfe118afe93758b5f3298796",
                "sha256:1410ceda350a06cfd114d248bca28fee2480de00c604ca4377ceecaff6432721",
                "sha256:179e4b98572e9e02e5fdca341d9c0a6f1cb71c449c394b5e449355b36e97b193",
                "sha256:19e8224b8dc8892d2e7f5abe4b6e557a130d931a589051194384701558265cbe",
                "sha256:1b51b6c34da2e2f3276e596a6f06df9ab17106d678f230f41de8df5c3fdbe581",
                "sha256:1ed85b55c847ac96bcd81572796f3d0494f8e20928c7d93825e42e4b5cc58378",
                "sha256:20b70fd6c9adcecf5936398b1f96f74176fb9dee98011a9a28ce9528b3639038",
                "sha256:28c87cf72020d1bee1e845637ac17518970cf8f5c404d11c85393fc4ec664aca",
                "sha256:2a257fce2c8096381e02c952edc99df4a609b39dae55775c0440cad5915de533",
                "sha256:2a892002e9e9af6dced15c07c8eaceb485bec2c85887e70e6608c11fcb0dfc6d",
                "sha256:3a5677dac1cc4e340c0b536638acdb9e0610e6eec645106fc79246687e8126f7",
                "sha256:3d48feca2b4585fa5fa0d17af0cb1d262eded77ae5fbfc3dac2a98eadc5668b1",
                "sha256:40f64f2c10ff309eeac27d5aadd2ad068ff15660002efd1df61a3c45a85e4001",
                "sha256:476fa89a6c24ba47a2ea6aa3b01d86200c5cfd1eaef375b20bea9f96fb43cfe9",
                "sha256:47e6d5cb45420b3e4d5381d5df368c8d82df9831a51fb2206f4ceee287e5b173",
                "sha256:563973286a6119671f8d9b9a4a6c7c8bcfb270a44de05d2b81e761cafb35c02b",
                "sha256:5c47dd6a6a04ce3704fe46a38bd761f766586aa93b679906cf4592ce8d5375d8",
                "sha256:60f54e29d98c5c0e438d590a485608d615dae0ae5159ba71599bdf9f5aba4088",
                "sha256:625184a6ff28d4ec0fa0729ff181185264a9ab550a35aba30154f07e2d369e7a",
                "sha256:66140adc1a691956afa60dd83540d10e1f95287f85c5808a5d8ebf13f42a573f",
                "sha256:67c502e6675607103800088b022b7f6da271bc2e180a53b19b892cac2d1839f0",
                "sha256:734fd41795c5c41104c8c9ebac53bc97b31cf7029afe47f797dc12aad4bae237",
                "sha256:7f7b3806465060a2cec6a05d7f5a76152593ef89d4c9c48f1f79a1dbc65e7202",
                "sha256:81d0e09bcda3c0cdc9fd5ab5d470062c3f375c03350afbe7493fbb25bfa12c72",
                "sha256:8692aadd9edf43504b96cc818cd31a236ea09686068b64456066134a18c96656",
                "sha256:9b7e77bbd74c1ade0302977603c59a6feba1267c4f418626d0d79e7f0f38e6cd",
                "sha256:a7e6f7ce337653fbdab66f86363c56d6564178fa2cd0646e96a657b6c5312d7a",
                "sha256:b427d30387146e313362da4314c181a44168e45912d54b03aac07e7c1ebc43a0",
                "sha256:b4f4aa82c3e2062f3e5ca19356f386dccd9d8fcfab19fcb8e81da331e4d79e99",
                "sha256:c12be21c346a6439b8de46b97545932c88af43d06408800d0eed505d96a2eb99",
                "sha256:c9bf0ac70e1cea521666b304c68eda745c8227acdc78962fd7fa8592dbf672fd",
                "sha256:ca128d0cc225677b87af592acc21b1faf6f89b5f061e86d09c76215532f18571",
                "sha256:d0a7cd7f942bb3ab7474fad15304c15fc58e78297506c4773a0c7e1178d0fa6b",
                "sha256:d5f461b8db55cb15cbe1b08d1a42a0402e01b68601377c6d9565859bcc077365",
                "sha256:d9e3f783a758aa5db8aaeeec1bc9a1e650575b8a5f8c8f4355567d19a7d07c56",
                "sha256:db8633ea5f320a15beb4ce856206101306abf5fc682284fcce506cc5924ad56a",
                "sha256:dc8dde80ac29795703c546a6201a95bdd789ee10d4b6a795c2fb5029a2d971a6",
                "sha256:e218a24fd0fa0dc054c9f33356ac03b977ff0637d4aa5bac754263b5c0f80ea4",
                "sha256:e5cfc3ed37fd3750e1e2e1217717894f9c1c7450d25f605358e17b5dffac44f8",
                "sha256:e664b2d06b76fd1b3bae335cfb41084b4c36e2a4345dcdbd427487ca7011fe22",
                "sha256:ea82bb1c354f838575f83971fdb8edc4eb8efe55c057f219355b2e1f314ed6d5",
                "sha256:eb0e1064522b72d14f587f186d23fb9132574ba71efa81785abda45c0e6bf4f8",
                "sha256:f4af6e2895dcdc1b492506839a30df4b9dad9cf95fb0cef8e6277d7cfa4bead6",
                "sha256:f7ecddb86928a283594408009eeea32728f54e4312f6e673159222ca609e0434"
            ],
            "index": "pypi",
            "version": "==1.52.0rc1"
        },
        "grpcio-reflection": {
            "hashes": [
                "sha256:7205ca43eb2b52dd2191397de10879b9a103ea89213eb0cc17bc899dbac126c5",
                "sha256:afb403422d206c379f1fdbe4f086331e501025491a4f57a760eb294e02928384"
            ],
            "index": "pypi",
            "version": "==1.52.0rc1"
        },
        "grpcio-tools": {
            "hashes": [
                "sha256:0bdb56fe9b1b9546c93e63df7e4ebeba1ab0aed5f4e8bdd7a53ab6ae00c25552",
                "sha256:0e1e511811bd3df247e0a9831ecb6211c54d364f78a6ecaf76b648f34e4b2d98",
                "sha256:0fa109fa4467578f5748cf0d4dfcebb2a71d0e2c1f299e75197427c022ff115e",
                "sha256:166dba00acf83922898872a216d723161035467f5649955601008d52f228b50c",
                "sha256:18b9a6798f6d7f9a8bf9e081f7f9468bf55bccc78a37c1a9b3aea1a3ee1ecaf5",
                "sha256:1b3a0d8bdcc93a84fb7391f2eca5e0d0eeef407c78d774113610b39aef137921",
                "sha256:1cfa6dff56602504b245d664a4bd8cf299d1fb305b2fe7e00f5841bdcf8354cc",
                "sha256:213c80c58da8f0389a3e1ebdb7f0f57a184cbb999f8f42cf204de47f78d24360",
                "sha256:2ca2b64e8b3aac2307ee90f45bec1cc9589075399d51a4cca8de4ec100936b84",
                "sha256:2f59f73d094b9462905e5ae002424149a31ac51a2d8a851565ab8fa860b769ab",
                "sha256:37149b437047662941c303dd4d3b518a6cac3b125230f0f1d42d800bc326b569",
                "sha256:3758be0de59915efceaa2dd2893a3e4e14e1d3ce2fecab1faeb0b1f69392733a",
                "sha256:3bbd013965fc74fd0c583948b56e72254d50985d28aec2f40cfeb994381a85f1",
                "sha256:417186aebbfbb2a5507b2cfa008ffc6485f4825b50de2790c38cdf0ca90b7403",
                "sha256:4559721607142940dfc9e0c1160c410f1a4d6e81264ba5f02b8492732931c97e",
                "sha256:4769aa0208943dfe540523f4651a17218a7362f901003dd7782799390569a93f",
                "sha256:4c29eb44b5d72d5ead3a5355794e115336f98e291248ec63d66afbf0a80c19be",
                "sha256:5a074231cc2f73e684750e80c285d0ff4067eaa2bff25ed527aa8d2bc7eddf35",
                "sha256:5a807ea6cb9d87568feb01cd479087ae6fa9cd137fa3109c379d80b2e6c67ea1",
                "sha256:5aa9556b8e317cbddd48dcc71aa38041dce6fe2754a0a9d66e5ef5dc3cfecebe",
                "sha256:5f71819748d60a15e1a0df9694285392e47618286de17ea2093f2d6ef403adb8",
                "sha256:6c94c85830addc6406b9c3d4757440574798d2398a690568e30caf5e0465e1ee",
                "sha256:6f729d368b708e656aaefe225a071f0dd3421f3df772a22ea15d9a73bcd26ef8",
                "sha256:8029312d655673c5f0cbbe3ac4cb3df4bbf72ccd0c3e540d3a88ea05261ece64",
                "sha256:818805d9efea07d4fd28c5be0dd7d573fe1f7b6f59f0cafc4609cbba01ad39b9",
                "sha256:891712c53823f229aa94aacedb3ad15babde4a281456acc9cbc8a73b6869da14",
                "sha256:8b0f4317ad8adb0771eb915eb7bd030f168fdae459bc0c0a41fbb5f82cf2a239",
                "sha256:943151d0078fa1165768975824773b97752dfad0210049400e88c8d1bf1b625e",
                "sha256:9504b93d39d270d85a9e1de3724c23b7ac9a0cb53b212313a477fc2144b521a1",
                "sha256:a48dcc90380a2f7260ba8e67746fc2aac39d37b441e1c9d86709cd6f93b47db7",
                "sha256:a56da4ec876f38abf59c935487ba19cba9c0163f536f42684ebe68bf879ae444",
                "sha256:aa74ffd5058fdae0e911597d0024467e31e82b9115627541cd4de67f5d0b6eae",
                "sha256:b02f415633107f5a4ba575bad9a1632de5e3bc6e727d9fc56e4334f0f93ad9a2",
                "sha256:b3a157b07248ebf89c1726c48a5984974d05172d46ac7f2bc4e05df996161047",
                "sha256:b9c011babd39e82b59c29beccc43d4213c7b3244e65b1278b00606b2437af0ad",
                "sha256:bad55bd68ca4dd9f32646ef35a3ed44950dba57ed0860a994465906cd0a0ca20",
                "sha256:c0a059ca20a47fa85285c255b01dd78daa517d5da966515ab5fcca8cd6d2fcfe",
                "sha256:c33c3072a6e400d7b0baada5a2d6e4ead69def4d6618afc7d74e58487a211b62",
                "sha256:c6a8fb07fe6c17c99fdd86d79cd824a1d0c4fc1acbc2ee6390f5359add22b35d",
                "sha256:ca7ae25d7608a274f0bcdb89dbe6b4bdeaeee1191fd985fa567805d724a939e9",
                "sha256:db6a54acd13e91cb65494198d07c21bd633e8e87f610a2db628229a4863485c1",
                "sha256:e8aca03c4922253df83bdcd9b4e704db618d6801b079470299070ad30a235a6d",
                "sha256:ed123ce374d521ced1519e99dcf363a64ea96c4d76832a49a16b12b49ebae956",
                "sha256:f203c29972ed6d9a99130be06bbd3430a26df9668bf98cb8fb56b7a526ef623f",
                "sha256:fdccc310efb46fc6ed8972820234500914d91a3e189ce1685f8d48f2b775d7b1"
            ],
            "index": "pypi",
            "version": "==1.52.0rc1"
        },
        "protobuf": {
            "hashes": [
                "sha256:1f22ac0ca65bb70a876060d96d914dae09ac98d114294f77584b0d2644fa9c30",
                "sha256:237216c3326d46808a9f7c26fd1bd4b20015fb6867dc5d263a493ef9a539293b",
                "sha256:27f4d15021da6d2b706ddc3860fac0a5ddaba34ab679dc182b60a8bb4e1121cc",
                "sha256:299ea899484ee6f44604deb71f424234f654606b983cb496ea2a53e3c63ab791",
                "sha256:3d164928ff0727d97022957c2b849250ca0e64777ee31efd7d6de2e07c494717",
                "sha256:6ab80df09e3208f742c98443b6166bcb70d65f52cfeb67357d52032ea1ae9bec",
                "sha256:78a28c9fa223998472886c77042e9b9afb6fe4242bd2a2a5aced88e3f4422aa7",
                "sha256:7cd532c4566d0e6feafecc1059d04c7915aec8e182d1cf7adee8b24ef1e2e6ab",
                "sha256:89f9149e4a0169cddfc44c74f230d7743002e3aa0b9472d8c28f0388102fc4c2",
                "sha256:a53fd3f03e578553623272dc46ac2f189de23862e68565e83dde203d41b76fc5",
                "sha256:b135410244ebe777db80298297a97fbb4c862c881b4403b71bac9d4107d61fd1",
                "sha256:b98d0148f84e3a3c569e19f52103ca1feacdac0d2df8d6533cf983d1fda28462",
                "sha256:d1736130bce8cf131ac7957fa26880ca19227d4ad68b4888b3be0dea1f95df97",
                "sha256:f45460f9ee70a0ec1b6694c6e4e348ad2019275680bd68a1d9314b8c7e01e574"
            ],
            "markers": "python_version >= '3.7'",
            "version": "==4.21.12"
        },
        "pydantic": {
            "hashes": [
                "sha256:05a81b006be15655b2a1bae5faa4280cf7c81d0e09fcb49b342ebf826abe5a72",
                "sha256:0b53e1d41e97063d51a02821b80538053ee4608b9a181c1005441f1673c55423",
                "sha256:2b3ce5f16deb45c472dde1a0ee05619298c864a20cded09c4edd820e1454129f",
                "sha256:2e82a6d37a95e0b1b42b82ab340ada3963aea1317fd7f888bb6b9dfbf4fff57c",
                "sha256:301d626a59edbe5dfb48fcae245896379a450d04baeed50ef40d8199f2733b06",
                "sha256:39f4a73e5342b25c2959529f07f026ef58147249f9b7431e1ba8414a36761f53",
                "sha256:4948f264678c703f3877d1c8877c4e3b2e12e549c57795107f08cf70c6ec7774",
                "sha256:4b05697738e7d2040696b0a66d9f0a10bec0efa1883ca75ee9e55baf511909d6",
                "sha256:51bdeb10d2db0f288e71d49c9cefa609bca271720ecd0c58009bd7504a0c464c",
                "sha256:55b1625899acd33229c4352ce0ae54038529b412bd51c4915349b49ca575258f",
                "sha256:572066051eeac73d23f95ba9a71349c42a3e05999d0ee1572b7860235b850cc6",
                "sha256:6a05a9db1ef5be0fe63e988f9617ca2551013f55000289c671f71ec16f4985e3",
                "sha256:6dc1cc241440ed7ca9ab59d9929075445da6b7c94ced281b3dd4cfe6c8cff817",
                "sha256:6e7124d6855b2780611d9f5e1e145e86667eaa3bd9459192c8dc1a097f5e9903",
                "sha256:75d52162fe6b2b55964fbb0af2ee58e99791a3138588c482572bb6087953113a",
                "sha256:78cec42b95dbb500a1f7120bdf95c401f6abb616bbe8785ef09887306792e66e",
                "sha256:7feb6a2d401f4d6863050f58325b8d99c1e56f4512d98b11ac64ad1751dc647d",
                "sha256:8775d4ef5e7299a2f4699501077a0defdaac5b6c4321173bcb0f3c496fbadf85",
                "sha256:887ca463c3bc47103c123bc06919c86720e80e1214aab79e9b779cda0ff92a00",
                "sha256:9193d4f4ee8feca58bc56c8306bcb820f5c7905fd919e0750acdeeeef0615b28",
                "sha256:983e720704431a6573d626b00662eb78a07148c9115129f9b4351091ec95ecc3",
                "sha256:990406d226dea0e8f25f643b370224771878142155b879784ce89f633541a024",
                "sha256:9cbdc268a62d9a98c56e2452d6c41c0263d64a2009aac69246486f01b4f594c4",
                "sha256:a48f1953c4a1d9bd0b5167ac50da9a79f6072c63c4cef4cf2a3736994903583e",
                "sha256:a9a6747cac06c2beb466064dda999a13176b23535e4c496c9d48e6406f92d42d",
                "sha256:a9f2de23bec87ff306aef658384b02aa7c32389766af3c5dee9ce33e80222dfa",
                "sha256:b5635de53e6686fe7a44b5cf25fcc419a0d5e5c1a1efe73d49d48fe7586db854",
                "sha256:b6f9d649892a6f54a39ed56b8dfd5e08b5f3be5f893da430bed76975f3735d15",
                "sha256:b9a3859f24eb4e097502a3be1fb4b2abb79b6103dd9e2e0edb70613a4459a648",
                "sha256:cd8702c5142afda03dc2b1ee6bc358b62b3735b2cce53fc77b31ca9f728e4bc8",
                "sha256:d7b5a3821225f5c43496c324b0d6875fde910a1c2933d726a743ce328fbb2a8c",
                "sha256:d88c4c0e5c5dfd05092a4b271282ef0588e5f4aaf345778056fc5259ba098857",
                "sha256:eb992a1ef739cc7b543576337bebfc62c0e6567434e522e97291b251a41dad7f",
                "sha256:f2f7eb6273dd12472d7f218e1fef6f7c7c2f00ac2e1ecde4db8824c457300416",
                "sha256:fdf88ab63c3ee282c76d652fc86518aacb737ff35796023fae56a65ced1a5978",
                "sha256:fdf8d759ef326962b4678d89e275ffc55b7ce59d917d9f72233762061fd04a2d"
            ],
            "index": "pypi",
            "version": "==1.10.4"
        },
        "pyhelm3": {
            "git": "https://github.com/stackhpc/pyhelm3.git",
            "ref": "16691d8c5e7a23da57463b7ec6992b723297c02a"
        },
        "pyyaml": {
            "hashes": [
                "sha256:01b45c0191e6d66c470b6cf1b9531a771a83c1c4208272ead47a3ae4f2f603bf",
                "sha256:0283c35a6a9fbf047493e3a0ce8d79ef5030852c51e9d911a27badfde0605293",
                "sha256:055d937d65826939cb044fc8c9b08889e8c743fdc6a32b33e2390f66013e449b",
                "sha256:07751360502caac1c067a8132d150cf3d61339af5691fe9e87803040dbc5db57",
                "sha256:0b4624f379dab24d3725ffde76559cff63d9ec94e1736b556dacdfebe5ab6d4b",
                "sha256:0ce82d761c532fe4ec3f87fc45688bdd3a4c1dc5e0b4a19814b9009a29baefd4",
                "sha256:1e4747bc279b4f613a09eb64bba2ba602d8a6664c6ce6396a4d0cd413a50ce07",
                "sha256:213c60cd50106436cc818accf5baa1aba61c0189ff610f64f4a3e8c6726218ba",
                "sha256:231710d57adfd809ef5d34183b8ed1eeae3f76459c18fb4a0b373ad56bedcdd9",
                "sha256:277a0ef2981ca40581a47093e9e2d13b3f1fbbeffae064c1d21bfceba2030287",
                "sha256:2cd5df3de48857ed0544b34e2d40e9fac445930039f3cfe4bcc592a1f836d513",
                "sha256:40527857252b61eacd1d9af500c3337ba8deb8fc298940291486c465c8b46ec0",
                "sha256:432557aa2c09802be39460360ddffd48156e30721f5e8d917f01d31694216782",
                "sha256:473f9edb243cb1935ab5a084eb238d842fb8f404ed2193a915d1784b5a6b5fc0",
                "sha256:48c346915c114f5fdb3ead70312bd042a953a8ce5c7106d5bfb1a5254e47da92",
                "sha256:50602afada6d6cbfad699b0c7bb50d5ccffa7e46a3d738092afddc1f9758427f",
                "sha256:68fb519c14306fec9720a2a5b45bc9f0c8d1b9c72adf45c37baedfcd949c35a2",
                "sha256:77f396e6ef4c73fdc33a9157446466f1cff553d979bd00ecb64385760c6babdc",
                "sha256:81957921f441d50af23654aa6c5e5eaf9b06aba7f0a19c18a538dc7ef291c5a1",
                "sha256:819b3830a1543db06c4d4b865e70ded25be52a2e0631ccd2f6a47a2822f2fd7c",
                "sha256:897b80890765f037df3403d22bab41627ca8811ae55e9a722fd0392850ec4d86",
                "sha256:98c4d36e99714e55cfbaaee6dd5badbc9a1ec339ebfc3b1f52e293aee6bb71a4",
                "sha256:9df7ed3b3d2e0ecfe09e14741b857df43adb5a3ddadc919a2d94fbdf78fea53c",
                "sha256:9fa600030013c4de8165339db93d182b9431076eb98eb40ee068700c9c813e34",
                "sha256:a80a78046a72361de73f8f395f1f1e49f956c6be882eed58505a15f3e430962b",
                "sha256:afa17f5bc4d1b10afd4466fd3a44dc0e245382deca5b3c353d8b757f9e3ecb8d",
                "sha256:b3d267842bf12586ba6c734f89d1f5b871df0273157918b0ccefa29deb05c21c",
                "sha256:b5b9eccad747aabaaffbc6064800670f0c297e52c12754eb1d976c57e4f74dcb",
                "sha256:bfaef573a63ba8923503d27530362590ff4f576c626d86a9fed95822a8255fd7",
                "sha256:c5687b8d43cf58545ade1fe3e055f70eac7a5a1a0bf42824308d868289a95737",
                "sha256:cba8c411ef271aa037d7357a2bc8f9ee8b58b9965831d9e51baf703280dc73d3",
                "sha256:d15a181d1ecd0d4270dc32edb46f7cb7733c7c508857278d3d378d14d606db2d",
                "sha256:d4b0ba9512519522b118090257be113b9468d804b19d63c71dbcf4a48fa32358",
                "sha256:d4db7c7aef085872ef65a8fd7d6d09a14ae91f691dec3e87ee5ee0539d516f53",
                "sha256:d4eccecf9adf6fbcc6861a38015c2a64f38b9d94838ac1810a9023a0609e1b78",
                "sha256:d67d839ede4ed1b28a4e8909735fc992a923cdb84e618544973d7dfc71540803",
                "sha256:daf496c58a8c52083df09b80c860005194014c3698698d1a57cbcfa182142a3a",
                "sha256:dbad0e9d368bb989f4515da330b88a057617d16b6a8245084f1b05400f24609f",
                "sha256:e61ceaab6f49fb8bdfaa0f92c4b57bcfbea54c09277b1b4f7ac376bfb7a7c174",
                "sha256:f84fbc98b019fef2ee9a1cb3ce93e3187a6df0b2538a651bfb890254ba9f90b5"
            ],
            "markers": "python_version >= '3.6'",
            "version": "==6.0"
        },
        "setuptools": {
            "hashes": [
                "sha256:6f590d76b713d5de4e49fe4fbca24474469f53c83632d5d0fd056f7ff7e8112b",
                "sha256:ac4008d396bc9cd983ea483cb7139c0240a07bbc74ffb6232fceffedc6cf03a8"
            ],
            "markers": "python_version >= '3.7'",
            "version": "==66.1.1"
        },
        "typing-extensions": {
            "hashes": [
                "sha256:1511434bb92bf8dd198c12b1cc812e800d4181cfcb867674e0f8279cc93087aa",
                "sha256:16fa4864408f655d35ec496218b85f79b3437c829e93320c7c9215ccfd92489e"
            ],
            "markers": "python_version >= '3.7'",
            "version": "==4.4.0"
        }
    },
    "develop": {
        "black": {
            "hashes": [
                "sha256:0b945a5a1e5a5321f884de0061d5a8585d947c9b608e37b6d26ceee4dfdf4b62",
                "sha256:4db1d8027ce7ae53f0ccf02b0be0b8808fefb291d6cb1543420f4165d96d364c",
                "sha256:5fb7641d442ede92538bc70fa0201f884753a7d0f62f26c722b7b00301b95902",
                "sha256:63330069d8ec909cf4e2c4d43a7f00aeb03335430ef9fec6cd2328e6ebde8a77",
                "sha256:793c9176beb2adf295f6b863d9a4dc953fe2ac359ca3da108d71d14cb2c09e52",
                "sha256:85dede655442f5e246e7abd667fe07e14916897ba52f3640b5489bf11f7dbf67",
                "sha256:88288a645402106b8eb9f50d7340ae741e16240bb01c2eed8466549153daa96e",
                "sha256:88ec25a64063945b4591b6378bead544c5d3260de1c93ad96f3ad2d76ddd76fd",
                "sha256:8dff6f0157e47fbbeada046fca144b6557d3be2fb2602d668881cd179f04a352",
                "sha256:ca658b69260a18bf7aa0b0a6562dbbd304a737487d1318998aaca5a75901fd2c",
                "sha256:ddbf9da228726d46f45c29024263e160d41030a415097254817d65127012d1a2",
                "sha256:e88e4b633d64b9e7adc4a6b922f52bb204af9f90d7b1e3317e6490f2b598b1ea"
            ],
            "index": "pypi",
            "version": "==23.1a1"
        },
        "click": {
            "hashes": [
                "sha256:7682dc8afb30297001674575ea00d1814d808d6a36af415a82bd481d37ba7b8e",
                "sha256:bb4d8133cb15a609f44e8213d9b391b0809795062913b383c62be0ee95b1db48"
            ],
            "markers": "python_version >= '3.7'",
            "version": "==8.1.3"
        },
        "colorama": {
            "hashes": [
                "sha256:08695f5cb7ed6e0531a20572697297273c47b8cae5a63ffc6d6ed5c201be6e44",
                "sha256:4f1d9991f5acc0ca119f9d443620b77f9d6b33703e51011c16baf57afb285fc6"
            ],
            "markers": "platform_system == 'Windows'",
            "version": "==0.4.6"
        },
        "mypy-extensions": {
            "hashes": [
                "sha256:090fedd75945a69ae91ce1303b5824f428daf5a028d2f6ab8a299250a846f15d",
                "sha256:2d82818f5bb3e369420cb3c4060a7970edba416647068eb4c5343488a6c604a8"
            ],
            "version": "==0.4.3"
        },
        "pathspec": {
            "hashes": [
                "sha256:3a66eb970cbac598f9e5ccb5b2cf58930cd8e3ed86d393d541eaf2d8b1705229",
                "sha256:64d338d4e0914e91c1792321e6907b5a593f1ab1851de7fc269557a21b30ebbc"
            ],
            "markers": "python_version >= '3.7'",
            "version": "==0.11.0"
        },
        "platformdirs": {
            "hashes": [
                "sha256:83c8f6d04389165de7c9b6f0c682439697887bca0aa2f1c87ef1826be3584490",
                "sha256:e1fea1fe471b9ff8332e229df3cb7de4f53eeea4998d3b6bfff542115e998bd2"
            ],
            "markers": "python_version >= '3.7'",
            "version": "==2.6.2"
        }
    }
}
